// !$*UTF8*$!
{
	archiveVersion = 1;
	classes = {
	};
	objectVersion = 46;
	objects = {

/* Begin PBXBuildFile section */
		A734EB9C1CFE59300034755E /* main.cpp in Sources */ = {isa = PBXBuildFile; fileRef = A734EB9B1CFE59300034755E /* main.cpp */; };
		A734EBA41CFE594A0034755E /* BinaryTree.cpp in Sources */ = {isa = PBXBuildFile; fileRef = A734EBA21CFE594A0034755E /* BinaryTree.cpp */; };
		A734EBA71CFE59560034755E /* Node.cpp in Sources */ = {isa = PBXBuildFile; fileRef = A734EBA51CFE59560034755E /* Node.cpp */; };
		A7ED9C8F1D1991D100314AE1 /* Controller.cpp in Sources */ = {isa = PBXBuildFile; fileRef = A7ED9C8D1D1991D100314AE1 /* Controller.cpp */; };
/* End PBXBuildFile section */

/* Begin PBXCopyFilesBuildPhase section */
		A734EB961CFE59300034755E /* CopyFiles */ = {
			isa = PBXCopyFilesBuildPhase;
			buildActionMask = 2147483647;
			dstPath = /usr/share/man/man1/;
			dstSubfolderSpec = 0;
			files = (
			);
			runOnlyForDeploymentPostprocessing = 1;
		};
/* End PBXCopyFilesBuildPhase section */

/* Begin PBXFileReference section */
		A734EB981CFE59300034755E /* BST_HD */ = {isa = PBXFileReference; explicitFileType = "compiled.mach-o.executable"; includeInIndex = 0; path = BST_HD; sourceTree = BUILT_PRODUCTS_DIR; };
		A734EB9B1CFE59300034755E /* main.cpp */ = {isa = PBXFileReference; lastKnownFileType = sourcecode.cpp.cpp; path = main.cpp; sourceTree = "<group>"; };
		A734EBA21CFE594A0034755E /* BinaryTree.cpp */ = {isa = PBXFileReference; fileEncoding = 4; lastKnownFileType = sourcecode.cpp.cpp; path = BinaryTree.cpp; sourceTree = "<group>"; };
		A734EBA31CFE594A0034755E /* BinaryTree.hpp */ = {isa = PBXFileReference; fileEncoding = 4; lastKnownFileType = sourcecode.cpp.h; path = BinaryTree.hpp; sourceTree = "<group>"; };
		A734EBA51CFE59560034755E /* Node.cpp */ = {isa = PBXFileReference; fileEncoding = 4; lastKnownFileType = sourcecode.cpp.cpp; path = Node.cpp; sourceTree = "<group>"; };
		A734EBA61CFE59560034755E /* Node.hpp */ = {isa = PBXFileReference; fileEncoding = 4; lastKnownFileType = sourcecode.cpp.h; path = Node.hpp; sourceTree = "<group>"; };
		A7BFDEC81D1AD94300D5ECC4 /* tests.h */ = {isa = PBXFileReference; lastKnownFileType = sourcecode.c.h; path = tests.h; sourceTree = "<group>"; };
		A7BFDEC91D1AD9C100D5ECC4 /* testCombo */ = {isa = PBXFileReference; fileEncoding = 4; lastKnownFileType = text; path = testCombo; sourceTree = "<group>"; };
		A7ED9C8D1D1991D100314AE1 /* Controller.cpp */ = {isa = PBXFileReference; fileEncoding = 4; lastKnownFileType = sourcecode.cpp.cpp; path = Controller.cpp; sourceTree = "<group>"; };
		A7ED9C8E1D1991D100314AE1 /* Controller.hpp */ = {isa = PBXFileReference; fileEncoding = 4; lastKnownFileType = sourcecode.cpp.h; path = Controller.hpp; sourceTree = "<group>"; };
		A7ED9C901D19944500314AE1 /* ints.txt */ = {isa = PBXFileReference; fileEncoding = 4; lastKnownFileType = text; path = ints.txt; sourceTree = "<group>"; };
		A7ED9C911D199E9600314AE1 /* test */ = {isa = PBXFileReference; fileEncoding = 4; lastKnownFileType = text; path = test; sourceTree = "<group>"; };
		A7FD82491D1D3E2000D8B8CA /* ConsoleUI.h */ = {isa = PBXFileReference; lastKnownFileType = sourcecode.c.h; name = ConsoleUI.h; path = ../ConsoleUI.h; sourceTree = "<group>"; };
/* End PBXFileReference section */

/* Begin PBXFrameworksBuildPhase section */
		A734EB951CFE59300034755E /* Frameworks */ = {
			isa = PBXFrameworksBuildPhase;
			buildActionMask = 2147483647;
			files = (
			);
			runOnlyForDeploymentPostprocessing = 0;
		};
/* End PBXFrameworksBuildPhase section */

/* Begin PBXGroup section */
		A734EB8F1CFE592F0034755E = {
			isa = PBXGroup;
			children = (
				A734EB9A1CFE59300034755E /* BST_HD */,
				A734EB991CFE59300034755E /* Products */,
			);
			sourceTree = "<group>";
		};
		A734EB991CFE59300034755E /* Products */ = {
			isa = PBXGroup;
			children = (
				A734EB981CFE59300034755E /* BST_HD */,
			);
			name = Products;
			sourceTree = "<group>";
		};
		A734EB9A1CFE59300034755E /* BST_HD */ = {
			isa = PBXGroup;
			children = (
				A7FD82491D1D3E2000D8B8CA /* ConsoleUI.h */,
				A734EB9B1CFE59300034755E /* main.cpp */,
				A7ED9C911D199E9600314AE1 /* test */,
				A734EBA21CFE594A0034755E /* BinaryTree.cpp */,
				A734EBA31CFE594A0034755E /* BinaryTree.hpp */,
				A734EBA51CFE59560034755E /* Node.cpp */,
				A734EBA61CFE59560034755E /* Node.hpp */,
				A7ED9C8D1D1991D100314AE1 /* Controller.cpp */,
				A7ED9C901D19944500314AE1 /* ints.txt */,
				A7ED9C8E1D1991D100314AE1 /* Controller.hpp */,
				A7BFDEC81D1AD94300D5ECC4 /* tests.h */,
				A7BFDEC91D1AD9C100D5ECC4 /* testCombo */,
			);
			path = BST_HD;
			sourceTree = "<group>";
		};
/* End PBXGroup section */

/* Begin PBXNativeTarget section */
		A734EB971CFE59300034755E /* BST_HD */ = {
			isa = PBXNativeTarget;
			buildConfigurationList = A734EB9F1CFE59300034755E /* Build configuration list for PBXNativeTarget "BST_HD" */;
			buildPhases = (
				A734EB941CFE59300034755E /* Sources */,
				A734EB951CFE59300034755E /* Frameworks */,
				A734EB961CFE59300034755E /* CopyFiles */,
			);
			buildRules = (
			);
			dependencies = (
			);
			name = BST_HD;
			productName = BST_HD;
			productReference = A734EB981CFE59300034755E /* BST_HD */;
			productType = "com.apple.product-type.tool";
		};
/* End PBXNativeTarget section */

/* Begin PBXProject section */
		A734EB901CFE592F0034755E /* Project object */ = {
			isa = PBXProject;
			attributes = {
				LastUpgradeCheck = 0830;
				ORGANIZATIONNAME = Andu;
				TargetAttributes = {
					A734EB971CFE59300034755E = {
						CreatedOnToolsVersion = 7.3.1;
					};
				};
			};
			buildConfigurationList = A734EB931CFE592F0034755E /* Build configuration list for PBXProject "BST_HD" */;
			compatibilityVersion = "Xcode 3.2";
			developmentRegion = English;
			hasScannedForEncodings = 0;
			knownRegions = (
				en,
			);
			mainGroup = A734EB8F1CFE592F0034755E;
			productRefGroup = A734EB991CFE59300034755E /* Products */;
			projectDirPath = "";
			projectRoot = "";
			targets = (
				A734EB971CFE59300034755E /* BST_HD */,
			);
		};
/* End PBXProject section */

/* Begin PBXSourcesBuildPhase section */
		A734EB941CFE59300034755E /* Sources */ = {
			isa = PBXSourcesBuildPhase;
			buildActionMask = 2147483647;
			files = (
				A734EBA71CFE59560034755E /* Node.cpp in Sources */,
				A734EBA41CFE594A0034755E /* BinaryTree.cpp in Sources */,
				A734EB9C1CFE59300034755E /* main.cpp in Sources */,
				A7ED9C8F1D1991D100314AE1 /* Controller.cpp in Sources */,
			);
			runOnlyForDeploymentPostprocessing = 0;
		};
/* End PBXSourcesBuildPhase section */

/* Begin XCBuildConfiguration section */
		A734EB9D1CFE59300034755E /* Debug */ = {
			isa = XCBuildConfiguration;
			buildSettings = {
				ALWAYS_SEARCH_USER_PATHS = NO;
				CLANG_ANALYZER_NONNULL = YES;
				CLANG_CXX_LANGUAGE_STANDARD = "gnu++0x";
				CLANG_CXX_LIBRARY = "libc++";
				CLANG_ENABLE_MODULES = YES;
				CLANG_ENABLE_OBJC_ARC = YES;
				CLANG_WARN_BOOL_CONVERSION = YES;
				CLANG_WARN_CONSTANT_CONVERSION = YES;
				CLANG_WARN_DIRECT_OBJC_ISA_USAGE = YES_ERROR;
				CLANG_WARN_EMPTY_BODY = YES;
				CLANG_WARN_ENUM_CONVERSION = YES;
				CLANG_WARN_INFINITE_RECURSION = YES;
				CLANG_WARN_INT_CONVERSION = YES;
				CLANG_WARN_OBJC_ROOT_CLASS = YES_ERROR;
				CLANG_WARN_SUSPICIOUS_MOVE = YES;
				CLANG_WARN_UNREACHABLE_CODE = YES;
				CLANG_WARN__DUPLICATE_METHOD_MATCH = YES;
				CODE_SIGN_IDENTITY = "-";
				COPY_PHASE_STRIP = NO;
				DEBUG_INFORMATION_FORMAT = dwarf;
				ENABLE_STRICT_OBJC_MSGSEND = YES;
				ENABLE_TESTABILITY = YES;
				GCC_C_LANGUAGE_STANDARD = gnu99;
				GCC_DYNAMIC_NO_PIC = NO;
				GCC_NO_COMMON_BLOCKS = YES;
				GCC_OPTIMIZATION_LEVEL = 0;
				GCC_PREPROCESSOR_DEFINITIONS = (
					"DEBUG=1",
					"$(inherited)",
				);
				GCC_WARN_64_TO_32_BIT_CONVERSION = YES;
				GCC_WARN_ABOUT_RETURN_TYPE = YES_ERROR;
				GCC_WARN_UNDECLARED_SELECTOR = YES;
				GCC_WARN_UNINITIALIZED_AUTOS = YES_AGGRESSIVE;
				GCC_WARN_UNUSED_FUNCTION = YES;
				GCC_WARN_UNUSED_VARIABLE = YES;
				MACOSX_DEPLOYMENT_TARGET = 10.11;
				MTL_ENABLE_DEBUG_INFO = YES;
				ONLY_ACTIVE_ARCH = YES;
				SDKROOT = macosx;
			};
			name = Debug;
		};
		A734EB9E1CFE59300034755E /* Release */ = {
			isa = XCBuildConfiguration;
			buildSettings = {
				ALWAYS_SEARCH_USER_PATHS = NO;
				CLANG_ANALYZER_NONNULL = YES;
				CLANG_CXX_LANGUAGE_STANDARD = "gnu++0x";
				CLANG_CXX_LIBRARY = "libc++";
				CLANG_ENABLE_MODULES = YES;
				CLANG_ENABLE_OBJC_ARC = YES;
				CLANG_WARN_BOOL_CONVERSION = YES;
				CLANG_WARN_CONSTANT_CONVERSION = YES;
				CLANG_WARN_DIRECT_OBJC_ISA_USAGE = YES_ERROR;
				CLANG_WARN_EMPTY_BODY = YES;
				CLANG_WARN_ENUM_CONVERSION = YES;
				CLANG_WARN_INFINITE_RECURSION = YES;
				CLANG_WARN_INT_CONVERSION = YES;
				CLANG_WARN_OBJC_ROOT_CLASS = YES_ERROR;
				CLANG_WARN_SUSPICIOUS_MOVE = YES;
				CLANG_WARN_UNREACHABLE_CODE = YES;
				CLANG_WARN__DUPLICATE_METHOD_MATCH = YES;
				CODE_SIGN_IDENTITY = "-";
				COPY_PHASE_STRIP = NO;
				DEBUG_INFORMATION_FORMAT = "dwarf-with-dsym";
				ENABLE_NS_ASSERTIONS = NO;
				ENABLE_STRICT_OBJC_MSGSEND = YES;
				GCC_C_LANGUAGE_STANDARD = gnu99;
				GCC_NO_COMMON_BLOCKS = YES;
				GCC_WARN_64_TO_32_BIT_CONVERSION = YES;
				GCC_WARN_ABOUT_RETURN_TYPE = YES_ERROR;
				GCC_WARN_UNDECLARED_SELECTOR = YES;
				GCC_WARN_UNINITIALIZED_AUTOS = YES_AGGRESSIVE;
				GCC_WARN_UNUSED_FUNCTION = YES;
				GCC_WARN_UNUSED_VARIABLE = YES;
				MACOSX_DEPLOYMENT_TARGET = 10.11;
				MTL_ENABLE_DEBUG_INFO = NO;
				SDKROOT = macosx;
			};
			name = Release;
		};
		A734EBA01CFE59300034755E /* Debug */ = {
			isa = XCBuildConfiguration;
			buildSettings = {
				PRODUCT_NAME = "$(TARGET_NAME)";
			};
			name = Debug;
		};
		A734EBA11CFE59300034755E /* Release */ = {
			isa = XCBuildConfiguration;
			buildSettings = {
				PRODUCT_NAME = "$(TARGET_NAME)";
			};
			name = Release;
		};
/* End XCBuildConfiguration section */

/* Begin XCConfigurationList section */
		A734EB931CFE592F0034755E /* Build configuration list for PBXProject "BST_HD" */ = {
			isa = XCConfigurationList;
			buildConfigurations = (
				A734EB9D1CFE59300034755E /* Debug */,
				A734EB9E1CFE59300034755E /* Release */,
			);
			defaultConfigurationIsVisible = 0;
			defaultConfigurationName = Release;
		};
		A734EB9F1CFE59300034755E /* Build configuration list for PBXNativeTarget "BST_HD" */ = {
			isa = XCConfigurationList;
			buildConfigurations = (
				A734EBA01CFE59300034755E /* Debug */,
				A734EBA11CFE59300034755E /* Release */,
			);
			defaultConfigurationIsVisible = 0;
			defaultConfigurationName = Release;
		};
/* End XCConfigurationList section */
	};
	rootObject = A734EB901CFE592F0034755E /* Project object */;
}
